
Microsoft Visual Studio Solution File, Format Version 12.00
# Visual Studio Version 17
VisualStudioVersion = 17.2.32616.157
MinimumVisualStudioVersion = 10.0.40219.1
Project("{FAE04EC0-301F-11D3-BF4B-00C04F79EFBC}") = "GuessTheNumber", "GuessTheNumber\GuessTheNumber.csproj", "{83DDA98B-7C48-4387-85E9-25C357C6347D}"
EndProject
Global
	GlobalSection(SolutionConfigurationPlatforms) = preSolution
		Debug|Any CPU = Debug|Any CPU
		Release|Any CPU = Release|Any CPU
	EndGlobalSection
	GlobalSection(ProjectConfigurationPlatforms) = postSolution
		{83DDA98B-7C48-4387-85E9-25C357C6347D}.Debug|Any CPU.ActiveCfg = Debug|Any CPU
		{83DDA98B-7C48-4387-85E9-25C357C6347D}.Debug|Any CPU.Build.0 = Debug|Any CPU
		{83DDA98B-7C48-4387-85E9-25C357C6347D}.Release|Any CPU.ActiveCfg = Release|Any CPU
		{83DDA98B-7C48-4387-85E9-25C357C6347D}.Release|Any CPU.Build.0 = Release|Any CPU
	EndGlobalSection
	GlobalSection(SolutionProperties) = preSolution
		HideSolutionNode = FALSE
	EndGlobalSection
	GlobalSection(ExtensibilityGlobals) = postSolution
		SolutionGuid = {01338D6A-CE0C-4C9D-A642-7F9B2870232A}
	EndGlobalSection
EndGlobal
